
Microsoft Visual Studio Solution File, Format Version 12.00
# Visual Studio Version 17
VisualStudioVersion = 17.1.32414.318
MinimumVisualStudioVersion = 10.0.40219.1
Project("{9A19103F-16F7-4668-BE54-9A1E7A4F7556}") = "PerfumeShop.DataAccess", "PerfumeShop.DataAccess\PerfumeShop.DataAccess.csproj", "{3889C8CF-06E8-460E-861F-5FC0226E3876}"
EndProject
Project("{9A19103F-16F7-4668-BE54-9A1E7A4F7556}") = "PerfumeShop.Domain", "PerfumeShop.Domain\PerfumeShop.Domain.csproj", "{D8186BC4-D940-420F-BFCE-36D0FC5F8301}"
EndProject
Project("{9A19103F-16F7-4668-BE54-9A1E7A4F7556}") = "PerfumeShop.Api", "PerfumeShop.Api\PerfumeShop.Api.csproj", "{3AF44B63-C801-414E-95AC-4784C5560B5A}"
	ProjectSection(ProjectDependencies) = postProject
		{C309E29F-B958-4B1E-9F25-009B358C6318} = {C309E29F-B958-4B1E-9F25-009B358C6318}
		{B51A04D8-531E-4213-B679-07DF3B5538DB} = {B51A04D8-531E-4213-B679-07DF3B5538DB}
	EndProjectSection
EndProject
Project("{9A19103F-16F7-4668-BE54-9A1E7A4F7556}") = "PerfumeShop.Implementation", "PerfumeShop.Implementation\PerfumeShop.Implementation.csproj", "{C309E29F-B958-4B1E-9F25-009B358C6318}"
EndProject
Project("{9A19103F-16F7-4668-BE54-9A1E7A4F7556}") = "PerfumeShop.Application", "PerfumeShop.Application\PerfumeShop.Application.csproj", "{B51A04D8-531E-4213-B679-07DF3B5538DB}"
EndProject
Global
	GlobalSection(SolutionConfigurationPlatforms) = preSolution
		Debug|Any CPU = Debug|Any CPU
		Release|Any CPU = Release|Any CPU
	EndGlobalSection
	GlobalSection(ProjectConfigurationPlatforms) = postSolution
		{3889C8CF-06E8-460E-861F-5FC0226E3876}.Debug|Any CPU.ActiveCfg = Debug|Any CPU
		{3889C8CF-06E8-460E-861F-5FC0226E3876}.Debug|Any CPU.Build.0 = Debug|Any CPU
		{3889C8CF-06E8-460E-861F-5FC0226E3876}.Release|Any CPU.ActiveCfg = Release|Any CPU
		{3889C8CF-06E8-460E-861F-5FC0226E3876}.Release|Any CPU.Build.0 = Release|Any CPU
		{D8186BC4-D940-420F-BFCE-36D0FC5F8301}.Debug|Any CPU.ActiveCfg = Debug|Any CPU
		{D8186BC4-D940-420F-BFCE-36D0FC5F8301}.Debug|Any CPU.Build.0 = Debug|Any CPU
		{D8186BC4-D940-420F-BFCE-36D0FC5F8301}.Release|Any CPU.ActiveCfg = Release|Any CPU
		{D8186BC4-D940-420F-BFCE-36D0FC5F8301}.Release|Any CPU.Build.0 = Release|Any CPU
		{3AF44B63-C801-414E-95AC-4784C5560B5A}.Debug|Any CPU.ActiveCfg = Debug|Any CPU
		{3AF44B63-C801-414E-95AC-4784C5560B5A}.Debug|Any CPU.Build.0 = Debug|Any CPU
		{3AF44B63-C801-414E-95AC-4784C5560B5A}.Release|Any CPU.ActiveCfg = Release|Any CPU
		{3AF44B63-C801-414E-95AC-4784C5560B5A}.Release|Any CPU.Build.0 = Release|Any CPU
		{C309E29F-B958-4B1E-9F25-009B358C6318}.Debug|Any CPU.ActiveCfg = Debug|Any CPU
		{C309E29F-B958-4B1E-9F25-009B358C6318}.Debug|Any CPU.Build.0 = Debug|Any CPU
		{C309E29F-B958-4B1E-9F25-009B358C6318}.Release|Any CPU.ActiveCfg = Release|Any CPU
		{C309E29F-B958-4B1E-9F25-009B358C6318}.Release|Any CPU.Build.0 = Release|Any CPU
		{B51A04D8-531E-4213-B679-07DF3B5538DB}.Debug|Any CPU.ActiveCfg = Debug|Any CPU
		{B51A04D8-531E-4213-B679-07DF3B5538DB}.Debug|Any CPU.Build.0 = Debug|Any CPU
		{B51A04D8-531E-4213-B679-07DF3B5538DB}.Release|Any CPU.ActiveCfg = Release|Any CPU
		{B51A04D8-531E-4213-B679-07DF3B5538DB}.Release|Any CPU.Build.0 = Release|Any CPU
	EndGlobalSection
	GlobalSection(SolutionProperties) = preSolution
		HideSolutionNode = FALSE
	EndGlobalSection
	GlobalSection(ExtensibilityGlobals) = postSolution
		SolutionGuid = {BA67F674-4BA4-4B85-A633-28DD9CA230FF}
	EndGlobalSection
EndGlobal
